// !$*UTF8*$!
{
	archiveVersion = 1;
	classes = {
	};
	objectVersion = 46;
	objects = {

/* Begin PBXBuildFile section */
		01B722A31B9FA64100BB55C8 /* main.m in Sources */ = {isa = PBXBuildFile; fileRef = 01B722A21B9FA64100BB55C8 /* main.m */; };
		01B722A61B9FA64100BB55C8 /* AppDelegate.m in Sources */ = {isa = PBXBuildFile; fileRef = 01B722A51B9FA64100BB55C8 /* AppDelegate.m */; };
		01B722A91B9FA64100BB55C8 /* ViewController.m in Sources */ = {isa = PBXBuildFile; fileRef = 01B722A81B9FA64100BB55C8 /* ViewController.m */; };
		01B722AC1B9FA64100BB55C8 /* Main.storyboard in Resources */ = {isa = PBXBuildFile; fileRef = 01B722AA1B9FA64100BB55C8 /* Main.storyboard */; };
		01B722AE1B9FA64100BB55C8 /* Images.xcassets in Resources */ = {isa = PBXBuildFile; fileRef = 01B722AD1B9FA64100BB55C8 /* Images.xcassets */; };
		01B722B11B9FA64100BB55C8 /* LaunchScreen.xib in Resources */ = {isa = PBXBuildFile; fileRef = 01B722AF1B9FA64100BB55C8 /* LaunchScreen.xib */; };
		01B722BD1B9FA64100BB55C8 /* circleDemoTests.m in Sources */ = {isa = PBXBuildFile; fileRef = 01B722BC1B9FA64100BB55C8 /* circleDemoTests.m */; };
		01B722E91B9FB6B900BB55C8 /* JSONModel.m in Sources */ = {isa = PBXBuildFile; fileRef = 01B722D21B9FB6B900BB55C8 /* JSONModel.m */; };
		01B722EA1B9FB6B900BB55C8 /* JSONModelArray.m in Sources */ = {isa = PBXBuildFile; fileRef = 01B722D41B9FB6B900BB55C8 /* JSONModelArray.m */; };
		01B722EB1B9FB6B900BB55C8 /* JSONModelClassProperty.m in Sources */ = {isa = PBXBuildFile; fileRef = 01B722D61B9FB6B900BB55C8 /* JSONModelClassProperty.m */; };
		01B722EC1B9FB6B900BB55C8 /* JSONModelError.m in Sources */ = {isa = PBXBuildFile; fileRef = 01B722D81B9FB6B900BB55C8 /* JSONModelError.m */; };
		01B722ED1B9FB6B900BB55C8 /* NSArray+JSONModel.m in Sources */ = {isa = PBXBuildFile; fileRef = 01B722DB1B9FB6B900BB55C8 /* NSArray+JSONModel.m */; };
		01B722EE1B9FB6B900BB55C8 /* JSONAPI.m in Sources */ = {isa = PBXBuildFile; fileRef = 01B722DF1B9FB6B900BB55C8 /* JSONAPI.m */; };
		01B722EF1B9FB6B900BB55C8 /* JSONHTTPClient.m in Sources */ = {isa = PBXBuildFile; fileRef = 01B722E11B9FB6B900BB55C8 /* JSONHTTPClient.m */; };
		01B722F01B9FB6B900BB55C8 /* JSONModel+networking.m in Sources */ = {isa = PBXBuildFile; fileRef = 01B722E31B9FB6B900BB55C8 /* JSONModel+networking.m */; };
		01B722F11B9FB6B900BB55C8 /* JSONKeyMapper.m in Sources */ = {isa = PBXBuildFile; fileRef = 01B722E61B9FB6B900BB55C8 /* JSONKeyMapper.m */; };
		01B722F21B9FB6B900BB55C8 /* JSONValueTransformer.m in Sources */ = {isa = PBXBuildFile; fileRef = 01B722E81B9FB6B900BB55C8 /* JSONValueTransformer.m */; };
		01B722F61B9FB6D000BB55C8 /* SSKeychain.m in Sources */ = {isa = PBXBuildFile; fileRef = 01B722F51B9FB6D000BB55C8 /* SSKeychain.m */; };
		01B722FC1B9FB6DD00BB55C8 /* LICENSE in Resources */ = {isa = PBXBuildFile; fileRef = 01B722F81B9FB6DD00BB55C8 /* LICENSE */; };
		01B722FD1B9FB6DD00BB55C8 /* MBProgressHUD.m in Sources */ = {isa = PBXBuildFile; fileRef = 01B722FA1B9FB6DD00BB55C8 /* MBProgressHUD.m */; };
		01B722FE1B9FB6DD00BB55C8 /* README.mdown in Sources */ = {isa = PBXBuildFile; fileRef = 01B722FB1B9FB6DD00BB55C8 /* README.mdown */; };
		01B723021B9FB6E500BB55C8 /* MD5.m in Sources */ = {isa = PBXBuildFile; fileRef = 01B723011B9FB6E500BB55C8 /* MD5.m */; };
		01B723091B9FB6F300BB55C8 /* start_pressed@2x.png in Resources */ = {isa = PBXBuildFile; fileRef = 01B723051B9FB6F300BB55C8 /* start_pressed@2x.png */; };
		01B7230A1B9FB6F300BB55C8 /* start_unpressed@2x.png in Resources */ = {isa = PBXBuildFile; fileRef = 01B723061B9FB6F300BB55C8 /* start_unpressed@2x.png */; };
		01B7230B1B9FB6F300BB55C8 /* RatingBar.m in Sources */ = {isa = PBXBuildFile; fileRef = 01B723081B9FB6F300BB55C8 /* RatingBar.m */; };
		01B7232D1B9FB6F800BB55C8 /* LICENSE in Resources */ = {isa = PBXBuildFile; fileRef = 01B7230D1B9FB6F800BB55C8 /* LICENSE */; };
		01B7232E1B9FB6F800BB55C8 /* README.md in Sources */ = {isa = PBXBuildFile; fileRef = 01B7230E1B9FB6F800BB55C8 /* README.md */; };
		01B7232F1B9FB6F800BB55C8 /* NSData+ImageContentType.m in Sources */ = {isa = PBXBuildFile; fileRef = 01B723111B9FB6F800BB55C8 /* NSData+ImageContentType.m */; };
		01B723301B9FB6F800BB55C8 /* SDImageCache.m in Sources */ = {isa = PBXBuildFile; fileRef = 01B723131B9FB6F800BB55C8 /* SDImageCache.m */; };
		01B723311B9FB6F800BB55C8 /* SDWebImageCompat.m in Sources */ = {isa = PBXBuildFile; fileRef = 01B723151B9FB6F800BB55C8 /* SDWebImageCompat.m */; };
		01B723321B9FB6F800BB55C8 /* SDWebImageDecoder.m in Sources */ = {isa = PBXBuildFile; fileRef = 01B723171B9FB6F800BB55C8 /* SDWebImageDecoder.m */; };
		01B723331B9FB6F800BB55C8 /* SDWebImageDownloader.m in Sources */ = {isa = PBXBuildFile; fileRef = 01B723191B9FB6F800BB55C8 /* SDWebImageDownloader.m */; };
		01B723341B9FB6F800BB55C8 /* SDWebImageDownloaderOperation.m in Sources */ = {isa = PBXBuildFile; fileRef = 01B7231B1B9FB6F800BB55C8 /* SDWebImageDownloaderOperation.m */; };
		01B723351B9FB6F800BB55C8 /* SDWebImageManager.m in Sources */ = {isa = PBXBuildFile; fileRef = 01B7231D1B9FB6F800BB55C8 /* SDWebImageManager.m */; };
		01B723361B9FB6F800BB55C8 /* SDWebImagePrefetcher.m in Sources */ = {isa = PBXBuildFile; fileRef = 01B723201B9FB6F800BB55C8 /* SDWebImagePrefetcher.m */; };
		01B723371B9FB6F800BB55C8 /* UIButton+WebCache.m in Sources */ = {isa = PBXBuildFile; fileRef = 01B723221B9FB6F800BB55C8 /* UIButton+WebCache.m */; };
		01B723381B9FB6F800BB55C8 /* UIImage+GIF.m in Sources */ = {isa = PBXBuildFile; fileRef = 01B723241B9FB6F800BB55C8 /* UIImage+GIF.m */; };
		01B723391B9FB6F800BB55C8 /* UIImage+MultiFormat.m in Sources */ = {isa = PBXBuildFile; fileRef = 01B723261B9FB6F800BB55C8 /* UIImage+MultiFormat.m */; };
		01B7233A1B9FB6F800BB55C8 /* UIImageView+HighlightedWebCache.m in Sources */ = {isa = PBXBuildFile; fileRef = 01B723281B9FB6F800BB55C8 /* UIImageView+HighlightedWebCache.m */; };
		01B7233B1B9FB6F800BB55C8 /* UIImageView+WebCache.m in Sources */ = {isa = PBXBuildFile; fileRef = 01B7232A1B9FB6F800BB55C8 /* UIImageView+WebCache.m */; };
		01B7233C1B9FB6F800BB55C8 /* UIView+WebCacheOperation.m in Sources */ = {isa = PBXBuildFile; fileRef = 01B7232C1B9FB6F800BB55C8 /* UIView+WebCacheOperation.m */; };
		01B723401B9FB70100BB55C8 /* UIView+Toast.m in Sources */ = {isa = PBXBuildFile; fileRef = 01B7233F1B9FB70100BB55C8 /* UIView+Toast.m */; };
		01B723461B9FB70700BB55C8 /* TPKeyboardAvoidingScrollView.m in Sources */ = {isa = PBXBuildFile; fileRef = 01B723431B9FB70700BB55C8 /* TPKeyboardAvoidingScrollView.m */; };
		01B723471B9FB70700BB55C8 /* TPKeyboardAvoidingTableView.m in Sources */ = {isa = PBXBuildFile; fileRef = 01B723451B9FB70700BB55C8 /* TPKeyboardAvoidingTableView.m */; };
		01B723831B9FC0BD00BB55C8 /* CYBaseViewController.m in Sources */ = {isa = PBXBuildFile; fileRef = 01B723821B9FC0BD00BB55C8 /* CYBaseViewController.m */; };
		01B723861B9FC57D00BB55C8 /* CYNavBaseController.m in Sources */ = {isa = PBXBuildFile; fileRef = 01B723851B9FC57D00BB55C8 /* CYNavBaseController.m */; };
		04A50E2C1BA015F5000DDF18 /* CYHomeViewController.m in Sources */ = {isa = PBXBuildFile; fileRef = 04A50E2B1BA015F5000DDF18 /* CYHomeViewController.m */; };
		04A50E351BA01B56000DDF18 /* CYCircleViewController.m in Sources */ = {isa = PBXBuildFile; fileRef = 04A50E341BA01B56000DDF18 /* CYCircleViewController.m */; };
		04A50E381BA01B64000DDF18 /* CYHotViewController.m in Sources */ = {isa = PBXBuildFile; fileRef = 04A50E371BA01B64000DDF18 /* CYHotViewController.m */; };
		04A50E3F1BA01C6C000DDF18 /* CYTabBarViewController.m in Sources */ = {isa = PBXBuildFile; fileRef = 04A50E3E1BA01C6C000DDF18 /* CYTabBarViewController.m */; };
		04A50E431BA01CAF000DDF18 /* CYTabView.m in Sources */ = {isa = PBXBuildFile; fileRef = 04A50E421BA01CAF000DDF18 /* CYTabView.m */; };
		04A50E461BA024AA000DDF18 /* CYPopView.m in Sources */ = {isa = PBXBuildFile; fileRef = 04A50E451BA024AA000DDF18 /* CYPopView.m */; };
		04A50E4A1BA02A3C000DDF18 /* CYFactory.m in Sources */ = {isa = PBXBuildFile; fileRef = 04A50E491BA02A3C000DDF18 /* CYFactory.m */; };
		04A50E4E1BA03124000DDF18 /* CYShakeViewController.m in Sources */ = {isa = PBXBuildFile; fileRef = 04A50E4D1BA03124000DDF18 /* CYShakeViewController.m */; };
		04A50E511BA03132000DDF18 /* CYToolsViewController.m in Sources */ = {isa = PBXBuildFile; fileRef = 04A50E501BA03132000DDF18 /* CYToolsViewController.m */; };
		04A50E541BA0314B000DDF18 /* CYXmppViewController.m in Sources */ = {isa = PBXBuildFile; fileRef = 04A50E531BA0314B000DDF18 /* CYXmppViewController.m */; };
		BB09D7F91F51841FF4DEC997 /* libPods.a in Frameworks */ = {isa = PBXBuildFile; fileRef = CAE8F5119D6B90AFECB1FE22 /* libPods.a */; };
/* End PBXBuildFile section */

/* Begin PBXContainerItemProxy section */
		01B722B71B9FA64100BB55C8 /* PBXContainerItemProxy */ = {
			isa = PBXContainerItemProxy;
			containerPortal = 01B722951B9FA64000BB55C8 /* Project object */;
			proxyType = 1;
			remoteGlobalIDString = 01B7229C1B9FA64000BB55C8;
			remoteInfo = circleDemo;
		};
/* End PBXContainerItemProxy section */

/* Begin PBXFileReference section */
		01B7229D1B9FA64100BB55C8 /* circleDemo.app */ = {isa = PBXFileReference; explicitFileType = wrapper.application; includeInIndex = 0; path = circleDemo.app; sourceTree = BUILT_PRODUCTS_DIR; };
		01B722A11B9FA64100BB55C8 /* Info.plist */ = {isa = PBXFileReference; lastKnownFileType = text.plist.xml; path = Info.plist; sourceTree = "<group>"; };
		01B722A21B9FA64100BB55C8 /* main.m */ = {isa = PBXFileReference; lastKnownFileType = sourcecode.c.objc; path = main.m; sourceTree = "<group>"; };
		01B722A41B9FA64100BB55C8 /* AppDelegate.h */ = {isa = PBXFileReference; lastKnownFileType = sourcecode.c.h; path = AppDelegate.h; sourceTree = "<group>"; };
		01B722A51B9FA64100BB55C8 /* AppDelegate.m */ = {isa = PBXFileReference; lastKnownFileType = sourcecode.c.objc; path = AppDelegate.m; sourceTree = "<group>"; };
		01B722A71B9FA64100BB55C8 /* ViewController.h */ = {isa = PBXFileReference; lastKnownFileType = sourcecode.c.h; path = ViewController.h; sourceTree = "<group>"; };
		01B722A81B9FA64100BB55C8 /* ViewController.m */ = {isa = PBXFileReference; lastKnownFileType = sourcecode.c.objc; path = ViewController.m; sourceTree = "<group>"; };
		01B722AB1B9FA64100BB55C8 /* Base */ = {isa = PBXFileReference; lastKnownFileType = file.storyboard; name = Base; path = Base.lproj/Main.storyboard; sourceTree = "<group>"; };
		01B722AD1B9FA64100BB55C8 /* Images.xcassets */ = {isa = PBXFileReference; lastKnownFileType = folder.assetcatalog; path = Images.xcassets; sourceTree = "<group>"; };
		01B722B01B9FA64100BB55C8 /* Base */ = {isa = PBXFileReference; lastKnownFileType = file.xib; name = Base; path = Base.lproj/LaunchScreen.xib; sourceTree = "<group>"; };
		01B722B61B9FA64100BB55C8 /* circleDemoTests.xctest */ = {isa = PBXFileReference; explicitFileType = wrapper.cfbundle; includeInIndex = 0; path = circleDemoTests.xctest; sourceTree = BUILT_PRODUCTS_DIR; };
		01B722BB1B9FA64100BB55C8 /* Info.plist */ = {isa = PBXFileReference; lastKnownFileType = text.plist.xml; path = Info.plist; sourceTree = "<group>"; };
		01B722BC1B9FA64100BB55C8 /* circleDemoTests.m */ = {isa = PBXFileReference; lastKnownFileType = sourcecode.c.objc; path = circleDemoTests.m; sourceTree = "<group>"; };
		01B722CC1B9FB36600BB55C8 /* circle.pch */ = {isa = PBXFileReference; fileEncoding = 4; lastKnownFileType = sourcecode.c.h; path = circle.pch; sourceTree = "<group>"; };
		01B722CD1B9FB3F300BB55C8 /* constant.h */ = {isa = PBXFileReference; fileEncoding = 4; lastKnownFileType = sourcecode.c.h; path = constant.h; sourceTree = "<group>"; };
		01B722D11B9FB6B900BB55C8 /* JSONModel.h */ = {isa = PBXFileReference; fileEncoding = 4; lastKnownFileType = sourcecode.c.h; path = JSONModel.h; sourceTree = "<group>"; };
		01B722D21B9FB6B900BB55C8 /* JSONModel.m */ = {isa = PBXFileReference; fileEncoding = 4; lastKnownFileType = sourcecode.c.objc; path = JSONModel.m; sourceTree = "<group>"; };
		01B722D31B9FB6B900BB55C8 /* JSONModelArray.h */ = {isa = PBXFileReference; fileEncoding = 4; lastKnownFileType = sourcecode.c.h; path = JSONModelArray.h; sourceTree = "<group>"; };
		01B722D41B9FB6B900BB55C8 /* JSONModelArray.m */ = {isa = PBXFileReference; fileEncoding = 4; lastKnownFileType = sourcecode.c.objc; path = JSONModelArray.m; sourceTree = "<group>"; };
		01B722D51B9FB6B900BB55C8 /* JSONModelClassProperty.h */ = {isa = PBXFileReference; fileEncoding = 4; lastKnownFileType = sourcecode.c.h; path = JSONModelClassProperty.h; sourceTree = "<group>"; };
		01B722D61B9FB6B900BB55C8 /* JSONModelClassProperty.m */ = {isa = PBXFileReference; fileEncoding = 4; lastKnownFileType = sourcecode.c.objc; path = JSONModelClassProperty.m; sourceTree = "<group>"; };
		01B722D71B9FB6B900BB55C8 /* JSONModelError.h */ = {isa = PBXFileReference; fileEncoding = 4; lastKnownFileType = sourcecode.c.h; path = JSONModelError.h; sourceTree = "<group>"; };
		01B722D81B9FB6B900BB55C8 /* JSONModelError.m */ = {isa = PBXFileReference; fileEncoding = 4; lastKnownFileType = sourcecode.c.objc; path = JSONModelError.m; sourceTree = "<group>"; };
		01B722DA1B9FB6B900BB55C8 /* NSArray+JSONModel.h */ = {isa = PBXFileReference; fileEncoding = 4; lastKnownFileType = sourcecode.c.h; path = "NSArray+JSONModel.h"; sourceTree = "<group>"; };
		01B722DB1B9FB6B900BB55C8 /* NSArray+JSONModel.m */ = {isa = PBXFileReference; fileEncoding = 4; lastKnownFileType = sourcecode.c.objc; path = "NSArray+JSONModel.m"; sourceTree = "<group>"; };
		01B722DC1B9FB6B900BB55C8 /* JSONModelLib.h */ = {isa = PBXFileReference; fileEncoding = 4; lastKnownFileType = sourcecode.c.h; path = JSONModelLib.h; sourceTree = "<group>"; };
		01B722DE1B9FB6B900BB55C8 /* JSONAPI.h */ = {isa = PBXFileReference; fileEncoding = 4; lastKnownFileType = sourcecode.c.h; path = JSONAPI.h; sourceTree = "<group>"; };
		01B722DF1B9FB6B900BB55C8 /* JSONAPI.m */ = {isa = PBXFileReference; fileEncoding = 4; lastKnownFileType = sourcecode.c.objc; path = JSONAPI.m; sourceTree = "<group>"; };
		01B722E01B9FB6B900BB55C8 /* JSONHTTPClient.h */ = {isa = PBXFileReference; fileEncoding = 4; lastKnownFileType = sourcecode.c.h; path = JSONHTTPClient.h; sourceTree = "<group>"; };
		01B722E11B9FB6B900BB55C8 /* JSONHTTPClient.m */ = {isa = PBXFileReference; fileEncoding = 4; lastKnownFileType = sourcecode.c.objc; path = JSONHTTPClient.m; sourceTree = "<group>"; };
		01B722E21B9FB6B900BB55C8 /* JSONModel+networking.h */ = {isa = PBXFileReference; fileEncoding = 4; lastKnownFileType = sourcecode.c.h; path = "JSONModel+networking.h"; sourceTree = "<group>"; };
		01B722E31B9FB6B900BB55C8 /* JSONModel+networking.m */ = {isa = PBXFileReference; fileEncoding = 4; lastKnownFileType = sourcecode.c.objc; path = "JSONModel+networking.m"; sourceTree = "<group>"; };
		01B722E51B9FB6B900BB55C8 /* JSONKeyMapper.h */ = {isa = PBXFileReference; fileEncoding = 4; lastKnownFileType = sourcecode.c.h; path = JSONKeyMapper.h; sourceTree = "<group>"; };
		01B722E61B9FB6B900BB55C8 /* JSONKeyMapper.m */ = {isa = PBXFileReference; fileEncoding = 4; lastKnownFileType = sourcecode.c.objc; path = JSONKeyMapper.m; sourceTree = "<group>"; };
		01B722E71B9FB6B900BB55C8 /* JSONValueTransformer.h */ = {isa = PBXFileReference; fileEncoding = 4; lastKnownFileType = sourcecode.c.h; path = JSONValueTransformer.h; sourceTree = "<group>"; };
		01B722E81B9FB6B900BB55C8 /* JSONValueTransformer.m */ = {isa = PBXFileReference; fileEncoding = 4; lastKnownFileType = sourcecode.c.objc; path = JSONValueTransformer.m; sourceTree = "<group>"; };
		01B722F41B9FB6D000BB55C8 /* SSKeychain.h */ = {isa = PBXFileReference; fileEncoding = 4; lastKnownFileType = sourcecode.c.h; path = SSKeychain.h; sourceTree = "<group>"; };
		01B722F51B9FB6D000BB55C8 /* SSKeychain.m */ = {isa = PBXFileReference; fileEncoding = 4; lastKnownFileType = sourcecode.c.objc; path = SSKeychain.m; sourceTree = "<group>"; };
		01B722F81B9FB6DD00BB55C8 /* LICENSE */ = {isa = PBXFileReference; fileEncoding = 4; lastKnownFileType = text; path = LICENSE; sourceTree = "<group>"; };
		01B722F91B9FB6DD00BB55C8 /* MBProgressHUD.h */ = {isa = PBXFileReference; fileEncoding = 4; lastKnownFileType = sourcecode.c.h; path = MBProgressHUD.h; sourceTree = "<group>"; };
		01B722FA1B9FB6DD00BB55C8 /* MBProgressHUD.m */ = {isa = PBXFileReference; fileEncoding = 4; lastKnownFileType = sourcecode.c.objc; path = MBProgressHUD.m; sourceTree = "<group>"; };
		01B722FB1B9FB6DD00BB55C8 /* README.mdown */ = {isa = PBXFileReference; fileEncoding = 4; lastKnownFileType = net.daringfireball.markdown; path = README.mdown; sourceTree = "<group>"; };
		01B723001B9FB6E500BB55C8 /* MD5.h */ = {isa = PBXFileReference; fileEncoding = 4; lastKnownFileType = sourcecode.c.h; path = MD5.h; sourceTree = "<group>"; };
		01B723011B9FB6E500BB55C8 /* MD5.m */ = {isa = PBXFileReference; fileEncoding = 4; lastKnownFileType = sourcecode.c.objc; path = MD5.m; sourceTree = "<group>"; };
		01B723051B9FB6F300BB55C8 /* start_pressed@2x.png */ = {isa = PBXFileReference; lastKnownFileType = image.png; path = "start_pressed@2x.png"; sourceTree = "<group>"; };
		01B723061B9FB6F300BB55C8 /* start_unpressed@2x.png */ = {isa = PBXFileReference; lastKnownFileType = image.png; path = "start_unpressed@2x.png"; sourceTree = "<group>"; };
		01B723071B9FB6F300BB55C8 /* RatingBar.h */ = {isa = PBXFileReference; fileEncoding = 4; lastKnownFileType = sourcecode.c.h; path = RatingBar.h; sourceTree = "<group>"; };
		01B723081B9FB6F300BB55C8 /* RatingBar.m */ = {isa = PBXFileReference; fileEncoding = 4; lastKnownFileType = sourcecode.c.objc; path = RatingBar.m; sourceTree = "<group>"; };
		01B7230D1B9FB6F800BB55C8 /* LICENSE */ = {isa = PBXFileReference; fileEncoding = 4; lastKnownFileType = text; path = LICENSE; sourceTree = "<group>"; };
		01B7230E1B9FB6F800BB55C8 /* README.md */ = {isa = PBXFileReference; fileEncoding = 4; lastKnownFileType = net.daringfireball.markdown; path = README.md; sourceTree = "<group>"; };
		01B723101B9FB6F800BB55C8 /* NSData+ImageContentType.h */ = {isa = PBXFileReference; fileEncoding = 4; lastKnownFileType = sourcecode.c.h; path = "NSData+ImageContentType.h"; sourceTree = "<group>"; };
		01B723111B9FB6F800BB55C8 /* NSData+ImageContentType.m */ = {isa = PBXFileReference; fileEncoding = 4; lastKnownFileType = sourcecode.c.objc; path = "NSData+ImageContentType.m"; sourceTree = "<group>"; };
		01B723121B9FB6F800BB55C8 /* SDImageCache.h */ = {isa = PBXFileReference; fileEncoding = 4; lastKnownFileType = sourcecode.c.h; path = SDImageCache.h; sourceTree = "<group>"; };
		01B723131B9FB6F800BB55C8 /* SDImageCache.m */ = {isa = PBXFileReference; fileEncoding = 4; lastKnownFileType = sourcecode.c.objc; path = SDImageCache.m; sourceTree = "<group>"; };
		01B723141B9FB6F800BB55C8 /* SDWebImageCompat.h */ = {isa = PBXFileReference; fileEncoding = 4; lastKnownFileType = sourcecode.c.h; path = SDWebImageCompat.h; sourceTree = "<group>"; };
		01B723151B9FB6F800BB55C8 /* SDWebImageCompat.m */ = {isa = PBXFileReference; fileEncoding = 4; lastKnownFileType = sourcecode.c.objc; path = SDWebImageCompat.m; sourceTree = "<group>"; };
		01B723161B9FB6F800BB55C8 /* SDWebImageDecoder.h */ = {isa = PBXFileReference; fileEncoding = 4; lastKnownFileType = sourcecode.c.h; path = SDWebImageDecoder.h; sourceTree = "<group>"; };
		01B723171B9FB6F800BB55C8 /* SDWebImageDecoder.m */ = {isa = PBXFileReference; fileEncoding = 4; lastKnownFileType = sourcecode.c.objc; path = SDWebImageDecoder.m; sourceTree = "<group>"; };
		01B723181B9FB6F800BB55C8 /* SDWebImageDownloader.h */ = {isa = PBXFileReference; fileEncoding = 4; lastKnownFileType = sourcecode.c.h; path = SDWebImageDownloader.h; sourceTree = "<group>"; };
		01B723191B9FB6F800BB55C8 /* SDWebImageDownloader.m */ = {isa = PBXFileReference; fileEncoding = 4; lastKnownFileType = sourcecode.c.objc; path = SDWebImageDownloader.m; sourceTree = "<group>"; };
		01B7231A1B9FB6F800BB55C8 /* SDWebImageDownloaderOperation.h */ = {isa = PBXFileReference; fileEncoding = 4; lastKnownFileType = sourcecode.c.h; path = SDWebImageDownloaderOperation.h; sourceTree = "<group>"; };
		01B7231B1B9FB6F800BB55C8 /* SDWebImageDownloaderOperation.m */ = {isa = PBXFileReference; fileEncoding = 4; lastKnownFileType = sourcecode.c.objc; path = SDWebImageDownloaderOperation.m; sourceTree = "<group>"; };
		01B7231C1B9FB6F800BB55C8 /* SDWebImageManager.h */ = {isa = PBXFileReference; fileEncoding = 4; lastKnownFileType = sourcecode.c.h; path = SDWebImageManager.h; sourceTree = "<group>"; };
		01B7231D1B9FB6F800BB55C8 /* SDWebImageManager.m */ = {isa = PBXFileReference; fileEncoding = 4; lastKnownFileType = sourcecode.c.objc; path = SDWebImageManager.m; sourceTree = "<group>"; };
		01B7231E1B9FB6F800BB55C8 /* SDWebImageOperation.h */ = {isa = PBXFileReference; fileEncoding = 4; lastKnownFileType = sourcecode.c.h; path = SDWebImageOperation.h; sourceTree = "<group>"; };
		01B7231F1B9FB6F800BB55C8 /* SDWebImagePrefetcher.h */ = {isa = PBXFileReference; fileEncoding = 4; lastKnownFileType = sourcecode.c.h; path = SDWebImagePrefetcher.h; sourceTree = "<group>"; };
		01B723201B9FB6F800BB55C8 /* SDWebImagePrefetcher.m */ = {isa = PBXFileReference; fileEncoding = 4; lastKnownFileType = sourcecode.c.objc; path = SDWebImagePrefetcher.m; sourceTree = "<group>"; };
		01B723211B9FB6F800BB55C8 /* UIButton+WebCache.h */ = {isa = PBXFileReference; fileEncoding = 4; lastKnownFileType = sourcecode.c.h; path = "UIButton+WebCache.h"; sourceTree = "<group>"; };
		01B723221B9FB6F800BB55C8 /* UIButton+WebCache.m */ = {isa = PBXFileReference; fileEncoding = 4; lastKnownFileType = sourcecode.c.objc; path = "UIButton+WebCache.m"; sourceTree = "<group>"; };
		01B723231B9FB6F800BB55C8 /* UIImage+GIF.h */ = {isa = PBXFileReference; fileEncoding = 4; lastKnownFileType = sourcecode.c.h; path = "UIImage+GIF.h"; sourceTree = "<group>"; };
		01B723241B9FB6F800BB55C8 /* UIImage+GIF.m */ = {isa = PBXFileReference; fileEncoding = 4; lastKnownFileType = sourcecode.c.objc; path = "UIImage+GIF.m"; sourceTree = "<group>"; };
		01B723251B9FB6F800BB55C8 /* UIImage+MultiFormat.h */ = {isa = PBXFileReference; fileEncoding = 4; lastKnownFileType = sourcecode.c.h; path = "UIImage+MultiFormat.h"; sourceTree = "<group>"; };
		01B723261B9FB6F800BB55C8 /* UIImage+MultiFormat.m */ = {isa = PBXFileReference; fileEncoding = 4; lastKnownFileType = sourcecode.c.objc; path = "UIImage+MultiFormat.m"; sourceTree = "<group>"; };
		01B723271B9FB6F800BB55C8 /* UIImageView+HighlightedWebCache.h */ = {isa = PBXFileReference; fileEncoding = 4; lastKnownFileType = sourcecode.c.h; path = "UIImageView+HighlightedWebCache.h"; sourceTree = "<group>"; };
		01B723281B9FB6F800BB55C8 /* UIImageView+HighlightedWebCache.m */ = {isa = PBXFileReference; fileEncoding = 4; lastKnownFileType = sourcecode.c.objc; path = "UIImageView+HighlightedWebCache.m"; sourceTree = "<group>"; };
		01B723291B9FB6F800BB55C8 /* UIImageView+WebCache.h */ = {isa = PBXFileReference; fileEncoding = 4; lastKnownFileType = sourcecode.c.h; path = "UIImageView+WebCache.h"; sourceTree = "<group>"; };
		01B7232A1B9FB6F800BB55C8 /* UIImageView+WebCache.m */ = {isa = PBXFileReference; fileEncoding = 4; lastKnownFileType = sourcecode.c.objc; path = "UIImageView+WebCache.m"; sourceTree = "<group>"; };
		01B7232B1B9FB6F800BB55C8 /* UIView+WebCacheOperation.h */ = {isa = PBXFileReference; fileEncoding = 4; lastKnownFileType = sourcecode.c.h; path = "UIView+WebCacheOperation.h"; sourceTree = "<group>"; };
		01B7232C1B9FB6F800BB55C8 /* UIView+WebCacheOperation.m */ = {isa = PBXFileReference; fileEncoding = 4; lastKnownFileType = sourcecode.c.objc; path = "UIView+WebCacheOperation.m"; sourceTree = "<group>"; };
		01B7233E1B9FB70100BB55C8 /* UIView+Toast.h */ = {isa = PBXFileReference; fileEncoding = 4; lastKnownFileType = sourcecode.c.h; path = "UIView+Toast.h"; sourceTree = "<group>"; };
		01B7233F1B9FB70100BB55C8 /* UIView+Toast.m */ = {isa = PBXFileReference; fileEncoding = 4; lastKnownFileType = sourcecode.c.objc; path = "UIView+Toast.m"; sourceTree = "<group>"; };
		01B723421B9FB70700BB55C8 /* TPKeyboardAvoidingScrollView.h */ = {isa = PBXFileReference; fileEncoding = 4; lastKnownFileType = sourcecode.c.h; path = TPKeyboardAvoidingScrollView.h; sourceTree = "<group>"; };
		01B723431B9FB70700BB55C8 /* TPKeyboardAvoidingScrollView.m */ = {isa = PBXFileReference; fileEncoding = 4; lastKnownFileType = sourcecode.c.objc; path = TPKeyboardAvoidingScrollView.m; sourceTree = "<group>"; };
		01B723441B9FB70700BB55C8 /* TPKeyboardAvoidingTableView.h */ = {isa = PBXFileReference; fileEncoding = 4; lastKnownFileType = sourcecode.c.h; path = TPKeyboardAvoidingTableView.h; sourceTree = "<group>"; };
		01B723451B9FB70700BB55C8 /* TPKeyboardAvoidingTableView.m */ = {isa = PBXFileReference; fileEncoding = 4; lastKnownFileType = sourcecode.c.objc; path = TPKeyboardAvoidingTableView.m; sourceTree = "<group>"; };
		01B723811B9FC0BD00BB55C8 /* CYBaseViewController.h */ = {isa = PBXFileReference; fileEncoding = 4; lastKnownFileType = sourcecode.c.h; path = CYBaseViewController.h; sourceTree = "<group>"; };
		01B723821B9FC0BD00BB55C8 /* CYBaseViewController.m */ = {isa = PBXFileReference; fileEncoding = 4; lastKnownFileType = sourcecode.c.objc; path = CYBaseViewController.m; sourceTree = "<group>"; };
		01B723841B9FC57D00BB55C8 /* CYNavBaseController.h */ = {isa = PBXFileReference; fileEncoding = 4; lastKnownFileType = sourcecode.c.h; path = CYNavBaseController.h; sourceTree = "<group>"; };
		01B723851B9FC57D00BB55C8 /* CYNavBaseController.m */ = {isa = PBXFileReference; fileEncoding = 4; lastKnownFileType = sourcecode.c.objc; path = CYNavBaseController.m; sourceTree = "<group>"; };
		04A50E2A1BA015F5000DDF18 /* CYHomeViewController.h */ = {isa = PBXFileReference; fileEncoding = 4; lastKnownFileType = sourcecode.c.h; name = CYHomeViewController.h; path = circleDemo/CYHomeViewController.h; sourceTree = SOURCE_ROOT; };
		04A50E2B1BA015F5000DDF18 /* CYHomeViewController.m */ = {isa = PBXFileReference; fileEncoding = 4; lastKnownFileType = sourcecode.c.objc; name = CYHomeViewController.m; path = circleDemo/CYHomeViewController.m; sourceTree = SOURCE_ROOT; };
		04A50E331BA01B56000DDF18 /* CYCircleViewController.h */ = {isa = PBXFileReference; fileEncoding = 4; lastKnownFileType = sourcecode.c.h; path = CYCircleViewController.h; sourceTree = "<group>"; };
		04A50E341BA01B56000DDF18 /* CYCircleViewController.m */ = {isa = PBXFileReference; fileEncoding = 4; lastKnownFileType = sourcecode.c.objc; path = CYCircleViewController.m; sourceTree = "<group>"; };
		04A50E361BA01B64000DDF18 /* CYHotViewController.h */ = {isa = PBXFileReference; fileEncoding = 4; lastKnownFileType = sourcecode.c.h; path = CYHotViewController.h; sourceTree = "<group>"; };
		04A50E371BA01B64000DDF18 /* CYHotViewController.m */ = {isa = PBXFileReference; fileEncoding = 4; lastKnownFileType = sourcecode.c.objc; path = CYHotViewController.m; sourceTree = "<group>"; };
		04A50E3D1BA01C6C000DDF18 /* CYTabBarViewController.h */ = {isa = PBXFileReference; fileEncoding = 4; lastKnownFileType = sourcecode.c.h; path = CYTabBarViewController.h; sourceTree = "<group>"; };
		04A50E3E1BA01C6C000DDF18 /* CYTabBarViewController.m */ = {isa = PBXFileReference; fileEncoding = 4; lastKnownFileType = sourcecode.c.objc; path = CYTabBarViewController.m; sourceTree = "<group>"; };
		04A50E411BA01CAF000DDF18 /* CYTabView.h */ = {isa = PBXFileReference; fileEncoding = 4; lastKnownFileType = sourcecode.c.h; path = CYTabView.h; sourceTree = "<group>"; };
		04A50E421BA01CAF000DDF18 /* CYTabView.m */ = {isa = PBXFileReference; fileEncoding = 4; lastKnownFileType = sourcecode.c.objc; path = CYTabView.m; sourceTree = "<group>"; };
		04A50E441BA024AA000DDF18 /* CYPopView.h */ = {isa = PBXFileReference; fileEncoding = 4; lastKnownFileType = sourcecode.c.h; path = CYPopView.h; sourceTree = "<group>"; };
		04A50E451BA024AA000DDF18 /* CYPopView.m */ = {isa = PBXFileReference; fileEncoding = 4; lastKnownFileType = sourcecode.c.objc; path = CYPopView.m; sourceTree = "<group>"; };
		04A50E471BA024CC000DDF18 /* CYTabBarProtocol.h */ = {isa = PBXFileReference; fileEncoding = 4; lastKnownFileType = sourcecode.c.h; path = CYTabBarProtocol.h; sourceTree = "<group>"; };
		04A50E481BA02A3C000DDF18 /* CYFactory.h */ = {isa = PBXFileReference; fileEncoding = 4; lastKnownFileType = sourcecode.c.h; path = CYFactory.h; sourceTree = "<group>"; };
		04A50E491BA02A3C000DDF18 /* CYFactory.m */ = {isa = PBXFileReference; fileEncoding = 4; lastKnownFileType = sourcecode.c.objc; path = CYFactory.m; sourceTree = "<group>"; };
		04A50E4C1BA03124000DDF18 /* CYShakeViewController.h */ = {isa = PBXFileReference; fileEncoding = 4; lastKnownFileType = sourcecode.c.h; path = CYShakeViewController.h; sourceTree = "<group>"; };
		04A50E4D1BA03124000DDF18 /* CYShakeViewController.m */ = {isa = PBXFileReference; fileEncoding = 4; lastKnownFileType = sourcecode.c.objc; path = CYShakeViewController.m; sourceTree = "<group>"; };
		04A50E4F1BA03132000DDF18 /* CYToolsViewController.h */ = {isa = PBXFileReference; fileEncoding = 4; lastKnownFileType = sourcecode.c.h; path = CYToolsViewController.h; sourceTree = "<group>"; };
		04A50E501BA03132000DDF18 /* CYToolsViewController.m */ = {isa = PBXFileReference; fileEncoding = 4; lastKnownFileType = sourcecode.c.objc; path = CYToolsViewController.m; sourceTree = "<group>"; };
		04A50E521BA0314B000DDF18 /* CYXmppViewController.h */ = {isa = PBXFileReference; fileEncoding = 4; lastKnownFileType = sourcecode.c.h; path = CYXmppViewController.h; sourceTree = "<group>"; };
		04A50E531BA0314B000DDF18 /* CYXmppViewController.m */ = {isa = PBXFileReference; fileEncoding = 4; lastKnownFileType = sourcecode.c.objc; path = CYXmppViewController.m; sourceTree = "<group>"; };
		BC7376BA10EEAA22940E3AD8 /* Pods.debug.xcconfig */ = {isa = PBXFileReference; includeInIndex = 1; lastKnownFileType = text.xcconfig; name = Pods.debug.xcconfig; path = "Pods/Target Support Files/Pods/Pods.debug.xcconfig"; sourceTree = "<group>"; };
		CAE8F5119D6B90AFECB1FE22 /* libPods.a */ = {isa = PBXFileReference; explicitFileType = archive.ar; includeInIndex = 0; path = libPods.a; sourceTree = BUILT_PRODUCTS_DIR; };
		CC34C82363B2585395B99FE8 /* Pods.release.xcconfig */ = {isa = PBXFileReference; includeInIndex = 1; lastKnownFileType = text.xcconfig; name = Pods.release.xcconfig; path = "Pods/Target Support Files/Pods/Pods.release.xcconfig"; sourceTree = "<group>"; };
/* End PBXFileReference section */

/* Begin PBXFrameworksBuildPhase section */
		01B7229A1B9FA64000BB55C8 /* Frameworks */ = {
			isa = PBXFrameworksBuildPhase;
			buildActionMask = 2147483647;
			files = (
				BB09D7F91F51841FF4DEC997 /* libPods.a in Frameworks */,
			);
			runOnlyForDeploymentPostprocessing = 0;
		};
		01B722B31B9FA64100BB55C8 /* Frameworks */ = {
			isa = PBXFrameworksBuildPhase;
			buildActionMask = 2147483647;
			files = (
			);
			runOnlyForDeploymentPostprocessing = 0;
		};
/* End PBXFrameworksBuildPhase section */

/* Begin PBXGroup section */
		01B722941B9FA64000BB55C8 = {
			isa = PBXGroup;
			children = (
				01B7229F1B9FA64100BB55C8 /* circleDemo */,
				01B722B91B9FA64100BB55C8 /* circleDemoTests */,
				01B7229E1B9FA64100BB55C8 /* Products */,
				57ABB49A56342D6C229B3310 /* Pods */,
				0506943AD54D7997C8AED5EC /* Frameworks */,
			);
			sourceTree = "<group>";
		};
		01B7229E1B9FA64100BB55C8 /* Products */ = {
			isa = PBXGroup;
			children = (
				01B7229D1B9FA64100BB55C8 /* circleDemo.app */,
				01B722B61B9FA64100BB55C8 /* circleDemoTests.xctest */,
			);
			name = Products;
			sourceTree = "<group>";
		};
		01B7229F1B9FA64100BB55C8 /* circleDemo */ = {
			isa = PBXGroup;
			children = (
				01B722CE1B9FB6A500BB55C8 /* Third */,
				01B722C61B9FB31100BB55C8 /* Common */,
				04A50E2D1BA01B3F000DDF18 /* Model */,
				04A50E2E1BA01B3F000DDF18 /* UIs */,
				01B722A41B9FA64100BB55C8 /* AppDelegate.h */,
				01B722A51B9FA64100BB55C8 /* AppDelegate.m */,
				01B722A71B9FA64100BB55C8 /* ViewController.h */,
				01B722A81B9FA64100BB55C8 /* ViewController.m */,
				01B722AA1B9FA64100BB55C8 /* Main.storyboard */,
				01B722AD1B9FA64100BB55C8 /* Images.xcassets */,
				01B722AF1B9FA64100BB55C8 /* LaunchScreen.xib */,
				01B722A01B9FA64100BB55C8 /* Supporting Files */,
			);
			path = circleDemo;
			sourceTree = "<group>";
		};
		01B722A01B9FA64100BB55C8 /* Supporting Files */ = {
			isa = PBXGroup;
			children = (
				01B722A11B9FA64100BB55C8 /* Info.plist */,
				01B722A21B9FA64100BB55C8 /* main.m */,
				01B722CC1B9FB36600BB55C8 /* circle.pch */,
			);
			name = "Supporting Files";
			sourceTree = "<group>";
		};
		01B722B91B9FA64100BB55C8 /* circleDemoTests */ = {
			isa = PBXGroup;
			children = (
				01B722BC1B9FA64100BB55C8 /* circleDemoTests.m */,
				01B722BA1B9FA64100BB55C8 /* Supporting Files */,
			);
			path = circleDemoTests;
			sourceTree = "<group>";
		};
		01B722BA1B9FA64100BB55C8 /* Supporting Files */ = {
			isa = PBXGroup;
			children = (
				01B722BB1B9FA64100BB55C8 /* Info.plist */,
			);
			name = "Supporting Files";
			sourceTree = "<group>";
		};
		01B722C61B9FB31100BB55C8 /* Common */ = {
			isa = PBXGroup;
			children = (
				04A50E401BA01C93000DDF18 /* Bar */,
				01B722CD1B9FB3F300BB55C8 /* constant.h */,
				04A50E481BA02A3C000DDF18 /* CYFactory.h */,
				04A50E491BA02A3C000DDF18 /* CYFactory.m */,
				01B723811B9FC0BD00BB55C8 /* CYBaseViewController.h */,
				01B723821B9FC0BD00BB55C8 /* CYBaseViewController.m */,
				01B723841B9FC57D00BB55C8 /* CYNavBaseController.h */,
				01B723851B9FC57D00BB55C8 /* CYNavBaseController.m */,
				04A50E3D1BA01C6C000DDF18 /* CYTabBarViewController.h */,
				04A50E3E1BA01C6C000DDF18 /* CYTabBarViewController.m */,
			);
			path = Common;
			sourceTree = "<group>";
		};
		01B722CE1B9FB6A500BB55C8 /* Third */ = {
			isa = PBXGroup;
			children = (
				01B723411B9FB70700BB55C8 /* TPKeyboardAvoiding */,
				01B7233D1B9FB70100BB55C8 /* Toast */,
				01B7230C1B9FB6F800BB55C8 /* SDWebImage */,
				01B723031B9FB6F300BB55C8 /* RatingBar */,
				01B722FF1B9FB6E500BB55C8 /* MD5 */,
				01B722F71B9FB6DD00BB55C8 /* MBProgressHUD */,
				01B722F31B9FB6D000BB55C8 /* keychain */,
				01B722CF1B9FB6B900BB55C8 /* JSONModel */,
			);
			path = Third;
			sourceTree = "<group>";
		};
		01B722CF1B9FB6B900BB55C8 /* JSONModel */ = {
			isa = PBXGroup;
			children = (
				01B722D01B9FB6B900BB55C8 /* JSONModel */,
				01B722D91B9FB6B900BB55C8 /* JSONModelCategories */,
				01B722DC1B9FB6B900BB55C8 /* JSONModelLib.h */,
				01B722DD1B9FB6B900BB55C8 /* JSONModelNetworking */,
				01B722E41B9FB6B900BB55C8 /* JSONModelTransformations */,
			);
			path = JSONModel;
			sourceTree = "<group>";
		};
		01B722D01B9FB6B900BB55C8 /* JSONModel */ = {
			isa = PBXGroup;
			children = (
				01B722D11B9FB6B900BB55C8 /* JSONModel.h */,
				01B722D21B9FB6B900BB55C8 /* JSONModel.m */,
				01B722D31B9FB6B900BB55C8 /* JSONModelArray.h */,
				01B722D41B9FB6B900BB55C8 /* JSONModelArray.m */,
				01B722D51B9FB6B900BB55C8 /* JSONModelClassProperty.h */,
				01B722D61B9FB6B900BB55C8 /* JSONModelClassProperty.m */,
				01B722D71B9FB6B900BB55C8 /* JSONModelError.h */,
				01B722D81B9FB6B900BB55C8 /* JSONModelError.m */,
			);
			path = JSONModel;
			sourceTree = "<group>";
		};
		01B722D91B9FB6B900BB55C8 /* JSONModelCategories */ = {
			isa = PBXGroup;
			children = (
				01B722DA1B9FB6B900BB55C8 /* NSArray+JSONModel.h */,
				01B722DB1B9FB6B900BB55C8 /* NSArray+JSONModel.m */,
			);
			path = JSONModelCategories;
			sourceTree = "<group>";
		};
		01B722DD1B9FB6B900BB55C8 /* JSONModelNetworking */ = {
			isa = PBXGroup;
			children = (
				01B722DE1B9FB6B900BB55C8 /* JSONAPI.h */,
				01B722DF1B9FB6B900BB55C8 /* JSONAPI.m */,
				01B722E01B9FB6B900BB55C8 /* JSONHTTPClient.h */,
				01B722E11B9FB6B900BB55C8 /* JSONHTTPClient.m */,
				01B722E21B9FB6B900BB55C8 /* JSONModel+networking.h */,
				01B722E31B9FB6B900BB55C8 /* JSONModel+networking.m */,
			);
			path = JSONModelNetworking;
			sourceTree = "<group>";
		};
		01B722E41B9FB6B900BB55C8 /* JSONModelTransformations */ = {
			isa = PBXGroup;
			children = (
				01B722E51B9FB6B900BB55C8 /* JSONKeyMapper.h */,
				01B722E61B9FB6B900BB55C8 /* JSONKeyMapper.m */,
				01B722E71B9FB6B900BB55C8 /* JSONValueTransformer.h */,
				01B722E81B9FB6B900BB55C8 /* JSONValueTransformer.m */,
			);
			path = JSONModelTransformations;
			sourceTree = "<group>";
		};
		01B722F31B9FB6D000BB55C8 /* keychain */ = {
			isa = PBXGroup;
			children = (
				01B722F41B9FB6D000BB55C8 /* SSKeychain.h */,
				01B722F51B9FB6D000BB55C8 /* SSKeychain.m */,
			);
			path = keychain;
			sourceTree = "<group>";
		};
		01B722F71B9FB6DD00BB55C8 /* MBProgressHUD */ = {
			isa = PBXGroup;
			children = (
				01B722F81B9FB6DD00BB55C8 /* LICENSE */,
				01B722F91B9FB6DD00BB55C8 /* MBProgressHUD.h */,
				01B722FA1B9FB6DD00BB55C8 /* MBProgressHUD.m */,
				01B722FB1B9FB6DD00BB55C8 /* README.mdown */,
			);
			path = MBProgressHUD;
			sourceTree = "<group>";
		};
		01B722FF1B9FB6E500BB55C8 /* MD5 */ = {
			isa = PBXGroup;
			children = (
				01B723001B9FB6E500BB55C8 /* MD5.h */,
				01B723011B9FB6E500BB55C8 /* MD5.m */,
			);
			path = MD5;
			sourceTree = "<group>";
		};
		01B723031B9FB6F300BB55C8 /* RatingBar */ = {
			isa = PBXGroup;
			children = (
				01B723041B9FB6F300BB55C8 /* image */,
				01B723071B9FB6F300BB55C8 /* RatingBar.h */,
				01B723081B9FB6F300BB55C8 /* RatingBar.m */,
			);
			path = RatingBar;
			sourceTree = "<group>";
		};
		01B723041B9FB6F300BB55C8 /* image */ = {
			isa = PBXGroup;
			children = (
				01B723051B9FB6F300BB55C8 /* start_pressed@2x.png */,
				01B723061B9FB6F300BB55C8 /* start_unpressed@2x.png */,
			);
			path = image;
			sourceTree = "<group>";
		};
		01B7230C1B9FB6F800BB55C8 /* SDWebImage */ = {
			isa = PBXGroup;
			children = (
				01B7230D1B9FB6F800BB55C8 /* LICENSE */,
				01B7230E1B9FB6F800BB55C8 /* README.md */,
				01B7230F1B9FB6F800BB55C8 /* SDWebImage */,
			);
			name = SDWebImage;
			path = ../SDWebImage;
			sourceTree = "<group>";
		};
		01B7230F1B9FB6F800BB55C8 /* SDWebImage */ = {
			isa = PBXGroup;
			children = (
				01B723101B9FB6F800BB55C8 /* NSData+ImageContentType.h */,
				01B723111B9FB6F800BB55C8 /* NSData+ImageContentType.m */,
				01B723121B9FB6F800BB55C8 /* SDImageCache.h */,
				01B723131B9FB6F800BB55C8 /* SDImageCache.m */,
				01B723141B9FB6F800BB55C8 /* SDWebImageCompat.h */,
				01B723151B9FB6F800BB55C8 /* SDWebImageCompat.m */,
				01B723161B9FB6F800BB55C8 /* SDWebImageDecoder.h */,
				01B723171B9FB6F800BB55C8 /* SDWebImageDecoder.m */,
				01B723181B9FB6F800BB55C8 /* SDWebImageDownloader.h */,
				01B723191B9FB6F800BB55C8 /* SDWebImageDownloader.m */,
				01B7231A1B9FB6F800BB55C8 /* SDWebImageDownloaderOperation.h */,
				01B7231B1B9FB6F800BB55C8 /* SDWebImageDownloaderOperation.m */,
				01B7231C1B9FB6F800BB55C8 /* SDWebImageManager.h */,
				01B7231D1B9FB6F800BB55C8 /* SDWebImageManager.m */,
				01B7231E1B9FB6F800BB55C8 /* SDWebImageOperation.h */,
				01B7231F1B9FB6F800BB55C8 /* SDWebImagePrefetcher.h */,
				01B723201B9FB6F800BB55C8 /* SDWebImagePrefetcher.m */,
				01B723211B9FB6F800BB55C8 /* UIButton+WebCache.h */,
				01B723221B9FB6F800BB55C8 /* UIButton+WebCache.m */,
				01B723231B9FB6F800BB55C8 /* UIImage+GIF.h */,
				01B723241B9FB6F800BB55C8 /* UIImage+GIF.m */,
				01B723251B9FB6F800BB55C8 /* UIImage+MultiFormat.h */,
				01B723261B9FB6F800BB55C8 /* UIImage+MultiFormat.m */,
				01B723271B9FB6F800BB55C8 /* UIImageView+HighlightedWebCache.h */,
				01B723281B9FB6F800BB55C8 /* UIImageView+HighlightedWebCache.m */,
				01B723291B9FB6F800BB55C8 /* UIImageView+WebCache.h */,
				01B7232A1B9FB6F800BB55C8 /* UIImageView+WebCache.m */,
				01B7232B1B9FB6F800BB55C8 /* UIView+WebCacheOperation.h */,
				01B7232C1B9FB6F800BB55C8 /* UIView+WebCacheOperation.m */,
			);
			path = SDWebImage;
			sourceTree = "<group>";
		};
		01B7233D1B9FB70100BB55C8 /* Toast */ = {
			isa = PBXGroup;
			children = (
				01B7233E1B9FB70100BB55C8 /* UIView+Toast.h */,
				01B7233F1B9FB70100BB55C8 /* UIView+Toast.m */,
			);
			name = Toast;
			path = ../Toast;
			sourceTree = "<group>";
		};
		01B723411B9FB70700BB55C8 /* TPKeyboardAvoiding */ = {
			isa = PBXGroup;
			children = (
				01B723421B9FB70700BB55C8 /* TPKeyboardAvoidingScrollView.h */,
				01B723431B9FB70700BB55C8 /* TPKeyboardAvoidingScrollView.m */,
				01B723441B9FB70700BB55C8 /* TPKeyboardAvoidingTableView.h */,
				01B723451B9FB70700BB55C8 /* TPKeyboardAvoidingTableView.m */,
			);
			name = TPKeyboardAvoiding;
			path = ../TPKeyboardAvoiding;
			sourceTree = "<group>";
		};
		04A50E2D1BA01B3F000DDF18 /* Model */ = {
			isa = PBXGroup;
			children = (
			);
			path = Model;
			sourceTree = "<group>";
		};
		04A50E2E1BA01B3F000DDF18 /* UIs */ = {
			isa = PBXGroup;
			children = (
				04A50E4B1BA03116000DDF18 /* More */,
				04A50E3C1BA01C17000DDF18 /* Tools */,
				04A50E2F1BA01B3F000DDF18 /* Circle */,
				04A50E301BA01B3F000DDF18 /* Home */,
				04A50E311BA01B3F000DDF18 /* Hot */,
			);
			path = UIs;
			sourceTree = "<group>";
		};
		04A50E2F1BA01B3F000DDF18 /* Circle */ = {
			isa = PBXGroup;
			children = (
				04A50E331BA01B56000DDF18 /* CYCircleViewController.h */,
				04A50E341BA01B56000DDF18 /* CYCircleViewController.m */,
			);
			path = Circle;
			sourceTree = "<group>";
		};
		04A50E301BA01B3F000DDF18 /* Home */ = {
			isa = PBXGroup;
			children = (
				04A50E2A1BA015F5000DDF18 /* CYHomeViewController.h */,
				04A50E2B1BA015F5000DDF18 /* CYHomeViewController.m */,
			);
			path = Home;
			sourceTree = "<group>";
		};
		04A50E311BA01B3F000DDF18 /* Hot */ = {
			isa = PBXGroup;
			children = (
				04A50E361BA01B64000DDF18 /* CYHotViewController.h */,
				04A50E371BA01B64000DDF18 /* CYHotViewController.m */,
			);
			path = Hot;
			sourceTree = "<group>";
		};
		04A50E3C1BA01C17000DDF18 /* Tools */ = {
			isa = PBXGroup;
			children = (
				04A50E4F1BA03132000DDF18 /* CYToolsViewController.h */,
				04A50E501BA03132000DDF18 /* CYToolsViewController.m */,
			);
			path = Tools;
			sourceTree = "<group>";
		};
		04A50E401BA01C93000DDF18 /* Bar */ = {
			isa = PBXGroup;
			children = (
				04A50E411BA01CAF000DDF18 /* CYTabView.h */,
				04A50E421BA01CAF000DDF18 /* CYTabView.m */,
				04A50E441BA024AA000DDF18 /* CYPopView.h */,
				04A50E451BA024AA000DDF18 /* CYPopView.m */,
				04A50E471BA024CC000DDF18 /* CYTabBarProtocol.h */,
			);
			path = Bar;
			sourceTree = "<group>";
		};
		04A50E4B1BA03116000DDF18 /* More */ = {
			isa = PBXGroup;
			children = (
				04A50E4C1BA03124000DDF18 /* CYShakeViewController.h */,
				04A50E4D1BA03124000DDF18 /* CYShakeViewController.m */,
				04A50E521BA0314B000DDF18 /* CYXmppViewController.h */,
				04A50E531BA0314B000DDF18 /* CYXmppViewController.m */,
			);
			path = More;
			sourceTree = "<group>";
		};
		0506943AD54D7997C8AED5EC /* Frameworks */ = {
			isa = PBXGroup;
			children = (
				CAE8F5119D6B90AFECB1FE22 /* libPods.a */,
			);
			name = Frameworks;
			sourceTree = "<group>";
		};
		57ABB49A56342D6C229B3310 /* Pods */ = {
			isa = PBXGroup;
			children = (
				BC7376BA10EEAA22940E3AD8 /* Pods.debug.xcconfig */,
				CC34C82363B2585395B99FE8 /* Pods.release.xcconfig */,
			);
			name = Pods;
			sourceTree = "<group>";
		};
/* End PBXGroup section */

/* Begin PBXNativeTarget section */
		01B7229C1B9FA64000BB55C8 /* circleDemo */ = {
			isa = PBXNativeTarget;
			buildConfigurationList = 01B722C01B9FA64100BB55C8 /* Build configuration list for PBXNativeTarget "circleDemo" */;
			buildPhases = (
				54FE20924ED6319E52182679 /* Check Pods Manifest.lock */,
				01B722991B9FA64000BB55C8 /* Sources */,
				01B7229A1B9FA64000BB55C8 /* Frameworks */,
				01B7229B1B9FA64000BB55C8 /* Resources */,
				82867B749825320F942A5018 /* Copy Pods Resources */,
			);
			buildRules = (
			);
			dependencies = (
			);
			name = circleDemo;
			productName = circleDemo;
			productReference = 01B7229D1B9FA64100BB55C8 /* circleDemo.app */;
			productType = "com.apple.product-type.application";
		};
		01B722B51B9FA64100BB55C8 /* circleDemoTests */ = {
			isa = PBXNativeTarget;
			buildConfigurationList = 01B722C31B9FA64100BB55C8 /* Build configuration list for PBXNativeTarget "circleDemoTests" */;
			buildPhases = (
				01B722B21B9FA64100BB55C8 /* Sources */,
				01B722B31B9FA64100BB55C8 /* Frameworks */,
				01B722B41B9FA64100BB55C8 /* Resources */,
			);
			buildRules = (
			);
			dependencies = (
				01B722B81B9FA64100BB55C8 /* PBXTargetDependency */,
			);
			name = circleDemoTests;
			productName = circleDemoTests;
			productReference = 01B722B61B9FA64100BB55C8 /* circleDemoTests.xctest */;
			productType = "com.apple.product-type.bundle.unit-test";
		};
/* End PBXNativeTarget section */

/* Begin PBXProject section */
		01B722951B9FA64000BB55C8 /* Project object */ = {
			isa = PBXProject;
			attributes = {
				LastUpgradeCheck = 0640;
				ORGANIZATIONNAME = cc;
				TargetAttributes = {
					01B7229C1B9FA64000BB55C8 = {
						CreatedOnToolsVersion = 6.4;
					};
					01B722B51B9FA64100BB55C8 = {
						CreatedOnToolsVersion = 6.4;
						TestTargetID = 01B7229C1B9FA64000BB55C8;
					};
				};
			};
			buildConfigurationList = 01B722981B9FA64000BB55C8 /* Build configuration list for PBXProject "circleDemo" */;
			compatibilityVersion = "Xcode 3.2";
			developmentRegion = English;
			hasScannedForEncodings = 0;
			knownRegions = (
				en,
				Base,
			);
			mainGroup = 01B722941B9FA64000BB55C8;
			productRefGroup = 01B7229E1B9FA64100BB55C8 /* Products */;
			projectDirPath = "";
			projectRoot = "";
			targets = (
				01B7229C1B9FA64000BB55C8 /* circleDemo */,
				01B722B51B9FA64100BB55C8 /* circleDemoTests */,
			);
		};
/* End PBXProject section */

/* Begin PBXResourcesBuildPhase section */
		01B7229B1B9FA64000BB55C8 /* Resources */ = {
			isa = PBXResourcesBuildPhase;
			buildActionMask = 2147483647;
			files = (
				01B722AC1B9FA64100BB55C8 /* Main.storyboard in Resources */,
				01B722B11B9FA64100BB55C8 /* LaunchScreen.xib in Resources */,
				01B722FC1B9FB6DD00BB55C8 /* LICENSE in Resources */,
				01B7232D1B9FB6F800BB55C8 /* LICENSE in Resources */,
				01B7230A1B9FB6F300BB55C8 /* start_unpressed@2x.png in Resources */,
				01B723091B9FB6F300BB55C8 /* start_pressed@2x.png in Resources */,
				01B722AE1B9FA64100BB55C8 /* Images.xcassets in Resources */,
			);
			runOnlyForDeploymentPostprocessing = 0;
		};
		01B722B41B9FA64100BB55C8 /* Resources */ = {
			isa = PBXResourcesBuildPhase;
			buildActionMask = 2147483647;
			files = (
			);
			runOnlyForDeploymentPostprocessing = 0;
		};
/* End PBXResourcesBuildPhase section */

/* Begin PBXShellScriptBuildPhase section */
		54FE20924ED6319E52182679 /* Check Pods Manifest.lock */ = {
			isa = PBXShellScriptBuildPhase;
			buildActionMask = 2147483647;
			files = (
			);
			inputPaths = (
			);
			name = "Check Pods Manifest.lock";
			outputPaths = (
			);
			runOnlyForDeploymentPostprocessing = 0;
			shellPath = /bin/sh;
			shellScript = "diff \"${PODS_ROOT}/../Podfile.lock\" \"${PODS_ROOT}/Manifest.lock\" > /dev/null\nif [[ $? != 0 ]] ; then\n    cat << EOM\nerror: The sandbox is not in sync with the Podfile.lock. Run 'pod install' or update your CocoaPods installation.\nEOM\n    exit 1\nfi\n";
			showEnvVarsInLog = 0;
		};
		82867B749825320F942A5018 /* Copy Pods Resources */ = {
			isa = PBXShellScriptBuildPhase;
			buildActionMask = 2147483647;
			files = (
			);
			inputPaths = (
			);
			name = "Copy Pods Resources";
			outputPaths = (
			);
			runOnlyForDeploymentPostprocessing = 0;
			shellPath = /bin/sh;
			shellScript = "\"${SRCROOT}/Pods/Target Support Files/Pods/Pods-resources.sh\"\n";
			showEnvVarsInLog = 0;
		};
/* End PBXShellScriptBuildPhase section */

/* Begin PBXSourcesBuildPhase section */
		01B722991B9FA64000BB55C8 /* Sources */ = {
			isa = PBXSourcesBuildPhase;
			buildActionMask = 2147483647;
			files = (
				04A50E351BA01B56000DDF18 /* CYCircleViewController.m in Sources */,
				01B722EF1B9FB6B900BB55C8 /* JSONHTTPClient.m in Sources */,
				01B722EA1B9FB6B900BB55C8 /* JSONModelArray.m in Sources */,
				01B722EC1B9FB6B900BB55C8 /* JSONModelError.m in Sources */,
				01B723831B9FC0BD00BB55C8 /* CYBaseViewController.m in Sources */,
				01B722EE1B9FB6B900BB55C8 /* JSONAPI.m in Sources */,
				01B7233C1B9FB6F800BB55C8 /* UIView+WebCacheOperation.m in Sources */,
				01B722F21B9FB6B900BB55C8 /* JSONValueTransformer.m in Sources */,
				01B723351B9FB6F800BB55C8 /* SDWebImageManager.m in Sources */,
				04A50E511BA03132000DDF18 /* CYToolsViewController.m in Sources */,
				04A50E2C1BA015F5000DDF18 /* CYHomeViewController.m in Sources */,
				01B723321B9FB6F800BB55C8 /* SDWebImageDecoder.m in Sources */,
				01B723401B9FB70100BB55C8 /* UIView+Toast.m in Sources */,
				01B722A91B9FA64100BB55C8 /* ViewController.m in Sources */,
				04A50E381BA01B64000DDF18 /* CYHotViewController.m in Sources */,
				01B722E91B9FB6B900BB55C8 /* JSONModel.m in Sources */,
				01B723361B9FB6F800BB55C8 /* SDWebImagePrefetcher.m in Sources */,
				01B7233B1B9FB6F800BB55C8 /* UIImageView+WebCache.m in Sources */,
				01B723021B9FB6E500BB55C8 /* MD5.m in Sources */,
				01B722FD1B9FB6DD00BB55C8 /* MBProgressHUD.m in Sources */,
				01B722F11B9FB6B900BB55C8 /* JSONKeyMapper.m in Sources */,
				01B723381B9FB6F800BB55C8 /* UIImage+GIF.m in Sources */,
				01B7232F1B9FB6F800BB55C8 /* NSData+ImageContentType.m in Sources */,
				01B723311B9FB6F800BB55C8 /* SDWebImageCompat.m in Sources */,
				04A50E3F1BA01C6C000DDF18 /* CYTabBarViewController.m in Sources */,
				01B722F01B9FB6B900BB55C8 /* JSONModel+networking.m in Sources */,
				04A50E4E1BA03124000DDF18 /* CYShakeViewController.m in Sources */,
				01B722F61B9FB6D000BB55C8 /* SSKeychain.m in Sources */,
				01B723471B9FB70700BB55C8 /* TPKeyboardAvoidingTableView.m in Sources */,
				01B723461B9FB70700BB55C8 /* TPKeyboardAvoidingScrollView.m in Sources */,
				01B723301B9FB6F800BB55C8 /* SDImageCache.m in Sources */,
				01B723331B9FB6F800BB55C8 /* SDWebImageDownloader.m in Sources */,
				04A50E461BA024AA000DDF18 /* CYPopView.m in Sources */,
				04A50E541BA0314B000DDF18 /* CYXmppViewController.m in Sources */,
				04A50E4A1BA02A3C000DDF18 /* CYFactory.m in Sources */,
				01B722ED1B9FB6B900BB55C8 /* NSArray+JSONModel.m in Sources */,
				01B7232E1B9FB6F800BB55C8 /* README.md in Sources */,
				01B723391B9FB6F800BB55C8 /* UIImage+MultiFormat.m in Sources */,
				01B723371B9FB6F800BB55C8 /* UIButton+WebCache.m in Sources */,
				01B722A61B9FA64100BB55C8 /* AppDelegate.m in Sources */,
				01B722FE1B9FB6DD00BB55C8 /* README.mdown in Sources */,
				01B723861B9FC57D00BB55C8 /* CYNavBaseController.m in Sources */,
				01B723341B9FB6F800BB55C8 /* SDWebImageDownloaderOperation.m in Sources */,
				01B722A31B9FA64100BB55C8 /* main.m in Sources */,
				04A50E431BA01CAF000DDF18 /* CYTabView.m in Sources */,
				01B7233A1B9FB6F800BB55C8 /* UIImageView+HighlightedWebCache.m in Sources */,
				01B7230B1B9FB6F300BB55C8 /* RatingBar.m in Sources */,
				01B722EB1B9FB6B900BB55C8 /* JSONModelClassProperty.m in Sources */,
			);
			runOnlyForDeploymentPostprocessing = 0;
		};
		01B722B21B9FA64100BB55C8 /* Sources */ = {
			isa = PBXSourcesBuildPhase;
			buildActionMask = 2147483647;
			files = (
				01B722BD1B9FA64100BB55C8 /* circleDemoTests.m in Sources */,
			);
			runOnlyForDeploymentPostprocessing = 0;
		};
/* End PBXSourcesBuildPhase section */

/* Begin PBXTargetDependency section */
		01B722B81B9FA64100BB55C8 /* PBXTargetDependency */ = {
			isa = PBXTargetDependency;
			target = 01B7229C1B9FA64000BB55C8 /* circleDemo */;
			targetProxy = 01B722B71B9FA64100BB55C8 /* PBXContainerItemProxy */;
		};
/* End PBXTargetDependency section */

/* Begin PBXVariantGroup section */
		01B722AA1B9FA64100BB55C8 /* Main.storyboard */ = {
			isa = PBXVariantGroup;
			children = (
				01B722AB1B9FA64100BB55C8 /* Base */,
			);
			name = Main.storyboard;
			sourceTree = "<group>";
		};
		01B722AF1B9FA64100BB55C8 /* LaunchScreen.xib */ = {
			isa = PBXVariantGroup;
			children = (
				01B722B01B9FA64100BB55C8 /* Base */,
			);
			name = LaunchScreen.xib;
			sourceTree = "<group>";
		};
/* End PBXVariantGroup section */

/* Begin XCBuildConfiguration section */
		01B722BE1B9FA64100BB55C8 /* Debug */ = {
			isa = XCBuildConfiguration;
			buildSettings = {
				ALWAYS_SEARCH_USER_PATHS = NO;
				CLANG_CXX_LANGUAGE_STANDARD = "gnu++0x";
				CLANG_CXX_LIBRARY = "libc++";
				CLANG_ENABLE_MODULES = YES;
				CLANG_ENABLE_OBJC_ARC = YES;
				CLANG_WARN_BOOL_CONVERSION = YES;
				CLANG_WARN_CONSTANT_CONVERSION = YES;
				CLANG_WARN_DIRECT_OBJC_ISA_USAGE = YES_ERROR;
				CLANG_WARN_EMPTY_BODY = YES;
				CLANG_WARN_ENUM_CONVERSION = YES;
				CLANG_WARN_INT_CONVERSION = YES;
				CLANG_WARN_OBJC_ROOT_CLASS = YES_ERROR;
				CLANG_WARN_UNREACHABLE_CODE = YES;
				CLANG_WARN__DUPLICATE_METHOD_MATCH = YES;
				"CODE_SIGN_IDENTITY[sdk=iphoneos*]" = "iPhone Developer";
				COPY_PHASE_STRIP = NO;
				DEBUG_INFORMATION_FORMAT = "dwarf-with-dsym";
				ENABLE_STRICT_OBJC_MSGSEND = YES;
				GCC_C_LANGUAGE_STANDARD = gnu99;
				GCC_DYNAMIC_NO_PIC = NO;
				GCC_NO_COMMON_BLOCKS = YES;
				GCC_OPTIMIZATION_LEVEL = 0;
				GCC_PREPROCESSOR_DEFINITIONS = (
					"DEBUG=1",
					"$(inherited)",
				);
				GCC_SYMBOLS_PRIVATE_EXTERN = NO;
				GCC_WARN_64_TO_32_BIT_CONVERSION = YES;
				GCC_WARN_ABOUT_RETURN_TYPE = YES_ERROR;
				GCC_WARN_UNDECLARED_SELECTOR = YES;
				GCC_WARN_UNINITIALIZED_AUTOS = YES_AGGRESSIVE;
				GCC_WARN_UNUSED_FUNCTION = YES;
				GCC_WARN_UNUSED_VARIABLE = YES;
				IPHONEOS_DEPLOYMENT_TARGET = 8.4;
				MTL_ENABLE_DEBUG_INFO = YES;
				ONLY_ACTIVE_ARCH = YES;
				SDKROOT = iphoneos;
			};
			name = Debug;
		};
		01B722BF1B9FA64100BB55C8 /* Release */ = {
			isa = XCBuildConfiguration;
			buildSettings = {
				ALWAYS_SEARCH_USER_PATHS = NO;
				CLANG_CXX_LANGUAGE_STANDARD = "gnu++0x";
				CLANG_CXX_LIBRARY = "libc++";
				CLANG_ENABLE_MODULES = YES;
				CLANG_ENABLE_OBJC_ARC = YES;
				CLANG_WARN_BOOL_CONVERSION = YES;
				CLANG_WARN_CONSTANT_CONVERSION = YES;
				CLANG_WARN_DIRECT_OBJC_ISA_USAGE = YES_ERROR;
				CLANG_WARN_EMPTY_BODY = YES;
				CLANG_WARN_ENUM_CONVERSION = YES;
				CLANG_WARN_INT_CONVERSION = YES;
				CLANG_WARN_OBJC_ROOT_CLASS = YES_ERROR;
				CLANG_WARN_UNREACHABLE_CODE = YES;
				CLANG_WARN__DUPLICATE_METHOD_MATCH = YES;
				"CODE_SIGN_IDENTITY[sdk=iphoneos*]" = "iPhone Developer";
				COPY_PHASE_STRIP = NO;
				DEBUG_INFORMATION_FORMAT = "dwarf-with-dsym";
				ENABLE_NS_ASSERTIONS = NO;
				ENABLE_STRICT_OBJC_MSGSEND = YES;
				GCC_C_LANGUAGE_STANDARD = gnu99;
				GCC_NO_COMMON_BLOCKS = YES;
				GCC_WARN_64_TO_32_BIT_CONVERSION = YES;
				GCC_WARN_ABOUT_RETURN_TYPE = YES_ERROR;
				GCC_WARN_UNDECLARED_SELECTOR = YES;
				GCC_WARN_UNINITIALIZED_AUTOS = YES_AGGRESSIVE;
				GCC_WARN_UNUSED_FUNCTION = YES;
				GCC_WARN_UNUSED_VARIABLE = YES;
				IPHONEOS_DEPLOYMENT_TARGET = 8.4;
				MTL_ENABLE_DEBUG_INFO = NO;
				SDKROOT = iphoneos;
				VALIDATE_PRODUCT = YES;
			};
			name = Release;
		};
		01B722C11B9FA64100BB55C8 /* Debug */ = {
			isa = XCBuildConfiguration;
			baseConfigurationReference = BC7376BA10EEAA22940E3AD8 /* Pods.debug.xcconfig */;
			buildSettings = {
				ASSETCATALOG_COMPILER_APPICON_NAME = AppIcon;
				GCC_PREFIX_HEADER = "$(SRCROOT)/circleDemo/circle.pch";
				INFOPLIST_FILE = circleDemo/Info.plist;
				LD_RUNPATH_SEARCH_PATHS = "$(inherited) @executable_path/Frameworks";
				PRODUCT_NAME = "$(TARGET_NAME)";
			};
			name = Debug;
		};
		01B722C21B9FA64100BB55C8 /* Release */ = {
			isa = XCBuildConfiguration;
			baseConfigurationReference = CC34C82363B2585395B99FE8 /* Pods.release.xcconfig */;
			buildSettings = {
				ASSETCATALOG_COMPILER_APPICON_NAME = AppIcon;
				GCC_PREFIX_HEADER = "$(SRCROOT)/circleDemo/circle.pch";
				INFOPLIST_FILE = circleDemo/Info.plist;
				LD_RUNPATH_SEARCH_PATHS = "$(inherited) @executable_path/Frameworks";
				PRODUCT_NAME = "$(TARGET_NAME)";
			};
			name = Release;
		};
		01B722C41B9FA64100BB55C8 /* Debug */ = {
			isa = XCBuildConfiguration;
			buildSettings = {
				BUNDLE_LOADER = "$(TEST_HOST)";
				FRAMEWORK_SEARCH_PATHS = (
					"$(SDKROOT)/Developer/Library/Frameworks",
					"$(inherited)",
				);
				GCC_PREPROCESSOR_DEFINITIONS = (
					"DEBUG=1",
					"$(inherited)",
				);
				INFOPLIST_FILE = circleDemoTests/Info.plist;
				LD_RUNPATH_SEARCH_PATHS = "$(inherited) @executable_path/Frameworks @loader_path/Frameworks";
				PRODUCT_NAME = "$(TARGET_NAME)";
				TEST_HOST = "$(BUILT_PRODUCTS_DIR)/circleDemo.app/circleDemo";
			};
			name = Debug;
		};
		01B722C51B9FA64100BB55C8 /* Release */ = {
			isa = XCBuildConfiguration;
			buildSettings = {
				BUNDLE_LOADER = "$(TEST_HOST)";
				FRAMEWORK_SEARCH_PATHS = (
					"$(SDKROOT)/Developer/Library/Frameworks",
					"$(inherited)",
				);
				INFOPLIST_FILE = circleDemoTests/Info.plist;
				LD_RUNPATH_SEARCH_PATHS = "$(inherited) @executable_path/Frameworks @loader_path/Frameworks";
				PRODUCT_NAME = "$(TARGET_NAME)";
				TEST_HOST = "$(BUILT_PRODUCTS_DIR)/circleDemo.app/circleDemo";
			};
			name = Release;
		};
/* End XCBuildConfiguration section */

/* Begin XCConfigurationList section */
		01B722981B9FA64000BB55C8 /* Build configuration list for PBXProject "circleDemo" */ = {
			isa = XCConfigurationList;
			buildConfigurations = (
				01B722BE1B9FA64100BB55C8 /* Debug */,
				01B722BF1B9FA64100BB55C8 /* Release */,
			);
			defaultConfigurationIsVisible = 0;
			defaultConfigurationName = Release;
		};
		01B722C01B9FA64100BB55C8 /* Build configuration list for PBXNativeTarget "circleDemo" */ = {
			isa = XCConfigurationList;
			buildConfigurations = (
				01B722C11B9FA64100BB55C8 /* Debug */,
				01B722C21B9FA64100BB55C8 /* Release */,
			);
			defaultConfigurationIsVisible = 0;
			defaultConfigurationName = Release;
		};
		01B722C31B9FA64100BB55C8 /* Build configuration list for PBXNativeTarget "circleDemoTests" */ = {
			isa = XCConfigurationList;
			buildConfigurations = (
				01B722C41B9FA64100BB55C8 /* Debug */,
				01B722C51B9FA64100BB55C8 /* Release */,
			);
			defaultConfigurationIsVisible = 0;
			defaultConfigurationName = Release;
		};
/* End XCConfigurationList section */
	};
	rootObject = 01B722951B9FA64000BB55C8 /* Project object */;
}
